
Microsoft Visual Studio Solution File, Format Version 12.00
# Visual Studio 15
VisualStudioVersion = 15.0.27130.2027
MinimumVisualStudioVersion = 10.0.40219.1
Project("{FAE04EC0-301F-11D3-BF4B-00C04F79EFBC}") = "SnilAcademicDepartment", "SnilAcademicDepartment\SnilAcademicDepartment.csproj", "{C7E51860-C61E-4C08-9B97-CD3B8A11D6DE}"
	ProjectSection(ProjectDependencies) = postProject
		{706AFDF9-C55C-461C-8687-816459FF30D6} = {706AFDF9-C55C-461C-8687-816459FF30D6}
	EndProjectSection
EndProject
Project("{FAE04EC0-301F-11D3-BF4B-00C04F79EFBC}") = "SnilAcademicDepartment.Tests", "SnilAcademicDepartmentTests\SnilAcademicDepartment.Tests.csproj", "{71F1ABF9-C162-48C1-B637-F8017B5C53AB}"
EndProject
Project("{FAE04EC0-301F-11D3-BF4B-00C04F79EFBC}") = "SnilAcademicDepartment.BusinessLogic", "SnilAcademicDepartment.BusinessLogic\SnilAcademicDepartment.BusinessLogic.csproj", "{1AF45174-72CA-481B-8E17-64FA0864A462}"
EndProject
Project("{FAE04EC0-301F-11D3-BF4B-00C04F79EFBC}") = "SnilAcademicDepartment.Common", "SnilAcademicDepartment.Common\SnilAcademicDepartment.Common.csproj", "{907F30B1-1365-41CB-98D3-A649398A578C}"
EndProject
Project("{2150E333-8FDC-42A3-9474-1A3956D46DE8}") = "CCRules", "CCRules", "{37B9C987-86DA-4779-BC54-678551B8F999}"
EndProject
Project("{FAE04EC0-301F-11D3-BF4B-00C04F79EFBC}") = "SnilAcademicDepartment.MailService", "SnilAcademicDepartment.MailService\SnilAcademicDepartment.MailService.csproj", "{04193F18-9125-4F39-BF0C-22BB93604ACE}"
EndProject
Project("{FAE04EC0-301F-11D3-BF4B-00C04F79EFBC}") = "SnilAcademicDepartment.DataAccess", "SnilAcademicDepartment.DataAccess\SnilAcademicDepartment.DataAccess.csproj", "{706AFDF9-C55C-461C-8687-816459FF30D6}"
EndProject
Project("{2150E333-8FDC-42A3-9474-1A3956D46DE8}") = "Solution Items", "Solution Items", "{03A5730A-7D2E-40A1-BD80-413DBF491F52}"
	ProjectSection(SolutionItems) = preProject
		Local.testsettings = Local.testsettings
	EndProjectSection
EndProject
Global
	GlobalSection(SolutionConfigurationPlatforms) = preSolution
		Debug|Any CPU = Debug|Any CPU
		Release|Any CPU = Release|Any CPU
	EndGlobalSection
	GlobalSection(ProjectConfigurationPlatforms) = postSolution
		{C7E51860-C61E-4C08-9B97-CD3B8A11D6DE}.Debug|Any CPU.ActiveCfg = Debug|Any CPU
		{C7E51860-C61E-4C08-9B97-CD3B8A11D6DE}.Debug|Any CPU.Build.0 = Debug|Any CPU
		{C7E51860-C61E-4C08-9B97-CD3B8A11D6DE}.Release|Any CPU.ActiveCfg = Release|Any CPU
		{C7E51860-C61E-4C08-9B97-CD3B8A11D6DE}.Release|Any CPU.Build.0 = Release|Any CPU
		{71F1ABF9-C162-48C1-B637-F8017B5C53AB}.Debug|Any CPU.ActiveCfg = Debug|Any CPU
		{71F1ABF9-C162-48C1-B637-F8017B5C53AB}.Debug|Any CPU.Build.0 = Debug|Any CPU
		{71F1ABF9-C162-48C1-B637-F8017B5C53AB}.Release|Any CPU.ActiveCfg = Release|Any CPU
		{71F1ABF9-C162-48C1-B637-F8017B5C53AB}.Release|Any CPU.Build.0 = Release|Any CPU
		{1AF45174-72CA-481B-8E17-64FA0864A462}.Debug|Any CPU.ActiveCfg = Debug|Any CPU
		{1AF45174-72CA-481B-8E17-64FA0864A462}.Debug|Any CPU.Build.0 = Debug|Any CPU
		{1AF45174-72CA-481B-8E17-64FA0864A462}.Release|Any CPU.ActiveCfg = Release|Any CPU
		{1AF45174-72CA-481B-8E17-64FA0864A462}.Release|Any CPU.Build.0 = Release|Any CPU
		{907F30B1-1365-41CB-98D3-A649398A578C}.Debug|Any CPU.ActiveCfg = Debug|Any CPU
		{907F30B1-1365-41CB-98D3-A649398A578C}.Debug|Any CPU.Build.0 = Debug|Any CPU
		{907F30B1-1365-41CB-98D3-A649398A578C}.Release|Any CPU.ActiveCfg = Release|Any CPU
		{907F30B1-1365-41CB-98D3-A649398A578C}.Release|Any CPU.Build.0 = Release|Any CPU
		{04193F18-9125-4F39-BF0C-22BB93604ACE}.Debug|Any CPU.ActiveCfg = Debug|Any CPU
		{04193F18-9125-4F39-BF0C-22BB93604ACE}.Debug|Any CPU.Build.0 = Debug|Any CPU
		{04193F18-9125-4F39-BF0C-22BB93604ACE}.Release|Any CPU.ActiveCfg = Release|Any CPU
		{04193F18-9125-4F39-BF0C-22BB93604ACE}.Release|Any CPU.Build.0 = Release|Any CPU
		{706AFDF9-C55C-461C-8687-816459FF30D6}.Debug|Any CPU.ActiveCfg = Debug|Any CPU
		{706AFDF9-C55C-461C-8687-816459FF30D6}.Debug|Any CPU.Build.0 = Debug|Any CPU
		{706AFDF9-C55C-461C-8687-816459FF30D6}.Release|Any CPU.ActiveCfg = Release|Any CPU
		{706AFDF9-C55C-461C-8687-816459FF30D6}.Release|Any CPU.Build.0 = Release|Any CPU
	EndGlobalSection
	GlobalSection(SolutionProperties) = preSolution
		HideSolutionNode = FALSE
	EndGlobalSection
	GlobalSection(ExtensibilityGlobals) = postSolution
		SolutionGuid = {1DFABBB8-5275-4226-88E3-3F15216C61AE}
	EndGlobalSection
EndGlobal
